
Microsoft Visual Studio Solution File, Format Version 12.00
# Visual Studio 15
Project("{FAE04EC0-301F-11D3-BF4B-00C04F79EFBC}") = "Architip", "Architip\Architip.csproj", "{6A2AB840-F4D0-4C50-9CAA-0CFB6B442DEE}"
EndProject
Global
	GlobalSection(SolutionConfigurationPlatforms) = preSolution
		Debug|Any CPU = Debug|Any CPU
		Release|Any CPU = Release|Any CPU
	EndGlobalSection
	GlobalSection(ProjectConfigurationPlatforms) = postSolution
		{6A2AB840-F4D0-4C50-9CAA-0CFB6B442DEE}.Debug|Any CPU.ActiveCfg = Debug|Any CPU
		{6A2AB840-F4D0-4C50-9CAA-0CFB6B442DEE}.Debug|Any CPU.Build.0 = Debug|Any CPU
		{6A2AB840-F4D0-4C50-9CAA-0CFB6B442DEE}.Release|Any CPU.ActiveCfg = Release|Any CPU
		{6A2AB840-F4D0-4C50-9CAA-0CFB6B442DEE}.Release|Any CPU.Build.0 = Release|Any CPU
	EndGlobalSection
EndGlobal
